
Microsoft Visual Studio Solution File, Format Version 12.00
# Visual Studio Version 17
VisualStudioVersion = 17.3.32922.545
MinimumVisualStudioVersion = 10.0.40219.1
Project("{FAE04EC0-301F-11D3-BF4B-00C04F79EFBC}") = "PROYECTO_FINAL", "PROYECTO_FINAL\PROYECTO_FINAL.csproj", "{326D31F7-76B3-4FCA-A0B2-2CB54D559AC3}"
EndProject
Global
	GlobalSection(SolutionConfigurationPlatforms) = preSolution
		Debug|Any CPU = Debug|Any CPU
		Release|Any CPU = Release|Any CPU
	EndGlobalSection
	GlobalSection(ProjectConfigurationPlatforms) = postSolution
		{326D31F7-76B3-4FCA-A0B2-2CB54D559AC3}.Debug|Any CPU.ActiveCfg = Debug|Any CPU
		{326D31F7-76B3-4FCA-A0B2-2CB54D559AC3}.Debug|Any CPU.Build.0 = Debug|Any CPU
		{326D31F7-76B3-4FCA-A0B2-2CB54D559AC3}.Release|Any CPU.ActiveCfg = Release|Any CPU
		{326D31F7-76B3-4FCA-A0B2-2CB54D559AC3}.Release|Any CPU.Build.0 = Release|Any CPU
	EndGlobalSection
	GlobalSection(SolutionProperties) = preSolution
		HideSolutionNode = FALSE
	EndGlobalSection
	GlobalSection(ExtensibilityGlobals) = postSolution
		SolutionGuid = {B6B2E0E6-17D9-4329-8ECB-6C9BFA64E256}
	EndGlobalSection
EndGlobal
